
Microsoft Visual Studio Solution File, Format Version 12.00
# Visual Studio Version 17
VisualStudioVersion = 17.11.35219.272
MinimumVisualStudioVersion = 10.0.40219.1
Project("{FAE04EC0-301F-11D3-BF4B-00C04F79EFBC}") = "Auxílio de qualidade de vida para o idoso", "Auxílio de qualidade de vida para o idoso.csproj", "{4C2B0FA5-D41D-4E0C-9580-5FA0A125E239}"
EndProject
Global
	GlobalSection(SolutionConfigurationPlatforms) = preSolution
		Debug|Any CPU = Debug|Any CPU
		Release|Any CPU = Release|Any CPU
	EndGlobalSection
	GlobalSection(ProjectConfigurationPlatforms) = postSolution
		{4C2B0FA5-D41D-4E0C-9580-5FA0A125E239}.Debug|Any CPU.ActiveCfg = Debug|Any CPU
		{4C2B0FA5-D41D-4E0C-9580-5FA0A125E239}.Debug|Any CPU.Build.0 = Debug|Any CPU
		{4C2B0FA5-D41D-4E0C-9580-5FA0A125E239}.Release|Any CPU.ActiveCfg = Release|Any CPU
		{4C2B0FA5-D41D-4E0C-9580-5FA0A125E239}.Release|Any CPU.Build.0 = Release|Any CPU
	EndGlobalSection
	GlobalSection(SolutionProperties) = preSolution
		HideSolutionNode = FALSE
	EndGlobalSection
	GlobalSection(ExtensibilityGlobals) = postSolution
		SolutionGuid = {F72A23B2-1BF5-475D-9AC5-6C9D6CA0E3D9}
	EndGlobalSection
EndGlobal
